// !$*UTF8*$!
{
	archiveVersion = 1;
	classes = {
	};
	objectVersion = 56;
	objects = {

/* Begin PBXBuildFile section */
		0036B86C2CBB1A90009AA591 /* TestDigioModel.swift in Sources */ = {isa = PBXBuildFile; fileRef = 0036B86B2CBB1A90009AA591 /* TestDigioModel.swift */; };
		0036B86E2CBB1B02009AA591 /* TestDigioCoordinator.swift in Sources */ = {isa = PBXBuildFile; fileRef = 0036B86D2CBB1B02009AA591 /* TestDigioCoordinator.swift */; };
		0036B8712CBB3F0E009AA591 /* DigioCollectionViewCell.swift in Sources */ = {isa = PBXBuildFile; fileRef = 0036B86F2CBB3F0E009AA591 /* DigioCollectionViewCell.swift */; };
		0036B8722CBB3F0E009AA591 /* DigioCollectionViewCell.xib in Resources */ = {isa = PBXBuildFile; fileRef = 0036B8702CBB3F0E009AA591 /* DigioCollectionViewCell.xib */; };
		003BE3702CBAA79200473934 /* Assets.xcassets in Resources */ = {isa = PBXBuildFile; fileRef = 003BE3672CBAA79200473934 /* Assets.xcassets */; };
		003BE3722CBAA79200473934 /* LaunchScreen.storyboard in Resources */ = {isa = PBXBuildFile; fileRef = 003BE36A2CBAA79200473934 /* LaunchScreen.storyboard */; };
		003BE3732CBAA79200473934 /* Main.storyboard in Resources */ = {isa = PBXBuildFile; fileRef = 003BE36C2CBAA79200473934 /* Main.storyboard */; };
		003BE3742CBAA79200473934 /* AppDelegate.swift in Sources */ = {isa = PBXBuildFile; fileRef = 003BE3662CBAA79200473934 /* AppDelegate.swift */; };
		003BE3752CBAA79200473934 /* SceneDelegate.swift in Sources */ = {isa = PBXBuildFile; fileRef = 003BE36D2CBAA79200473934 /* SceneDelegate.swift */; };
		003BE3762CBAA79200473934 /* HomeViewController.swift in Sources */ = {isa = PBXBuildFile; fileRef = 003BE36E2CBAA79200473934 /* HomeViewController.swift */; };
		00D388582CBACAD70002390A /* HomeViewModel.swift in Sources */ = {isa = PBXBuildFile; fileRef = 00D388572CBACAD70002390A /* HomeViewModel.swift */; };
		00D3885A2CBACEBF0002390A /* UINavigationController+TestDigio.swift in Sources */ = {isa = PBXBuildFile; fileRef = 00D388592CBACEBF0002390A /* UINavigationController+TestDigio.swift */; };
		00D3885C2CBAD1EB0002390A /* SpotLightCollectionDelegate.swift in Sources */ = {isa = PBXBuildFile; fileRef = 00D3885B2CBAD1EB0002390A /* SpotLightCollectionDelegate.swift */; };
		00D3885E2CBB08E60002390A /* ProductsCollectionDelegate.swift in Sources */ = {isa = PBXBuildFile; fileRef = 00D3885D2CBB08E60002390A /* ProductsCollectionDelegate.swift */; };
		00FCF18A2CBB674B00AF2F9B /* TestDigioService.swift in Sources */ = {isa = PBXBuildFile; fileRef = 00FCF1892CBB674B00AF2F9B /* TestDigioService.swift */; };
		58F580041C4740C92EAC776E /* Pods_TestDigio.framework in Frameworks */ = {isa = PBXBuildFile; fileRef = D0424D0089E6E7334DD2195F /* Pods_TestDigio.framework */; };
/* End PBXBuildFile section */

/* Begin PBXContainerItemProxy section */
		00E439322CB9C3C700670FC5 /* PBXContainerItemProxy */ = {
			isa = PBXContainerItemProxy;
			containerPortal = 00E439132CB9C3C400670FC5 /* Project object */;
			proxyType = 1;
			remoteGlobalIDString = 00E4391A2CB9C3C400670FC5;
			remoteInfo = TestDigio;
		};
		00E4393C2CB9C3C700670FC5 /* PBXContainerItemProxy */ = {
			isa = PBXContainerItemProxy;
			containerPortal = 00E439132CB9C3C400670FC5 /* Project object */;
			proxyType = 1;
			remoteGlobalIDString = 00E4391A2CB9C3C400670FC5;
			remoteInfo = TestDigio;
		};
/* End PBXContainerItemProxy section */

/* Begin PBXFileReference section */
		0036B86B2CBB1A90009AA591 /* TestDigioModel.swift */ = {isa = PBXFileReference; lastKnownFileType = sourcecode.swift; path = TestDigioModel.swift; sourceTree = "<group>"; };
		0036B86D2CBB1B02009AA591 /* TestDigioCoordinator.swift */ = {isa = PBXFileReference; lastKnownFileType = sourcecode.swift; path = TestDigioCoordinator.swift; sourceTree = "<group>"; };
		0036B86F2CBB3F0E009AA591 /* DigioCollectionViewCell.swift */ = {isa = PBXFileReference; lastKnownFileType = sourcecode.swift; path = DigioCollectionViewCell.swift; sourceTree = "<group>"; };
		0036B8702CBB3F0E009AA591 /* DigioCollectionViewCell.xib */ = {isa = PBXFileReference; lastKnownFileType = file.xib; path = DigioCollectionViewCell.xib; sourceTree = "<group>"; };
		003BE3662CBAA79200473934 /* AppDelegate.swift */ = {isa = PBXFileReference; lastKnownFileType = sourcecode.swift; path = AppDelegate.swift; sourceTree = "<group>"; };
		003BE3672CBAA79200473934 /* Assets.xcassets */ = {isa = PBXFileReference; lastKnownFileType = folder.assetcatalog; path = Assets.xcassets; sourceTree = "<group>"; };
		003BE3682CBAA79200473934 /* Info.plist */ = {isa = PBXFileReference; lastKnownFileType = text.plist.xml; path = Info.plist; sourceTree = "<group>"; };
		003BE3692CBAA79200473934 /* Base */ = {isa = PBXFileReference; lastKnownFileType = file.storyboard; name = Base; path = Base.lproj/LaunchScreen.storyboard; sourceTree = "<group>"; };
		003BE36B2CBAA79200473934 /* Base */ = {isa = PBXFileReference; lastKnownFileType = file.storyboard; name = Base; path = Base.lproj/Main.storyboard; sourceTree = "<group>"; };
		003BE36D2CBAA79200473934 /* SceneDelegate.swift */ = {isa = PBXFileReference; lastKnownFileType = sourcecode.swift; path = SceneDelegate.swift; sourceTree = "<group>"; };
		003BE36E2CBAA79200473934 /* HomeViewController.swift */ = {isa = PBXFileReference; lastKnownFileType = sourcecode.swift; path = HomeViewController.swift; sourceTree = "<group>"; };
		00D388572CBACAD70002390A /* HomeViewModel.swift */ = {isa = PBXFileReference; lastKnownFileType = sourcecode.swift; path = HomeViewModel.swift; sourceTree = "<group>"; };
		00D388592CBACEBF0002390A /* UINavigationController+TestDigio.swift */ = {isa = PBXFileReference; lastKnownFileType = sourcecode.swift; path = "UINavigationController+TestDigio.swift"; sourceTree = "<group>"; };
		00D3885B2CBAD1EB0002390A /* SpotLightCollectionDelegate.swift */ = {isa = PBXFileReference; lastKnownFileType = sourcecode.swift; path = SpotLightCollectionDelegate.swift; sourceTree = "<group>"; };
		00D3885D2CBB08E60002390A /* ProductsCollectionDelegate.swift */ = {isa = PBXFileReference; lastKnownFileType = sourcecode.swift; path = ProductsCollectionDelegate.swift; sourceTree = "<group>"; };
		00E4391B2CB9C3C500670FC5 /* TestDigio.app */ = {isa = PBXFileReference; explicitFileType = wrapper.application; includeInIndex = 0; path = TestDigio.app; sourceTree = BUILT_PRODUCTS_DIR; };
		00E439312CB9C3C700670FC5 /* TestDigioTests.xctest */ = {isa = PBXFileReference; explicitFileType = wrapper.cfbundle; includeInIndex = 0; path = TestDigioTests.xctest; sourceTree = BUILT_PRODUCTS_DIR; };
		00E4393B2CB9C3C700670FC5 /* TestDigioUITests.xctest */ = {isa = PBXFileReference; explicitFileType = wrapper.cfbundle; includeInIndex = 0; path = TestDigioUITests.xctest; sourceTree = BUILT_PRODUCTS_DIR; };
		00FCF1892CBB674B00AF2F9B /* TestDigioService.swift */ = {isa = PBXFileReference; lastKnownFileType = sourcecode.swift; path = TestDigioService.swift; sourceTree = "<group>"; };
		0606503E896C0A839581DC1D /* Pods-TestDigio.release.xcconfig */ = {isa = PBXFileReference; includeInIndex = 1; lastKnownFileType = text.xcconfig; name = "Pods-TestDigio.release.xcconfig"; path = "Target Support Files/Pods-TestDigio/Pods-TestDigio.release.xcconfig"; sourceTree = "<group>"; };
		5B81980623C1978E3C09E7DA /* Pods-TestDigio.debug.xcconfig */ = {isa = PBXFileReference; includeInIndex = 1; lastKnownFileType = text.xcconfig; name = "Pods-TestDigio.debug.xcconfig"; path = "Target Support Files/Pods-TestDigio/Pods-TestDigio.debug.xcconfig"; sourceTree = "<group>"; };
		D0424D0089E6E7334DD2195F /* Pods_TestDigio.framework */ = {isa = PBXFileReference; explicitFileType = wrapper.framework; includeInIndex = 0; path = Pods_TestDigio.framework; sourceTree = BUILT_PRODUCTS_DIR; };
/* End PBXFileReference section */

/* Begin PBXFrameworksBuildPhase section */
		00E439182CB9C3C400670FC5 /* Frameworks */ = {
			isa = PBXFrameworksBuildPhase;
			buildActionMask = 2147483647;
			files = (
				58F580041C4740C92EAC776E /* Pods_TestDigio.framework in Frameworks */,
			);
			runOnlyForDeploymentPostprocessing = 0;
		};
		00E4392E2CB9C3C700670FC5 /* Frameworks */ = {
			isa = PBXFrameworksBuildPhase;
			buildActionMask = 2147483647;
			files = (
			);
			runOnlyForDeploymentPostprocessing = 0;
		};
		00E439382CB9C3C700670FC5 /* Frameworks */ = {
			isa = PBXFrameworksBuildPhase;
			buildActionMask = 2147483647;
			files = (
			);
			runOnlyForDeploymentPostprocessing = 0;
		};
/* End PBXFrameworksBuildPhase section */

/* Begin PBXGroup section */
		0036B8692CBB1A10009AA591 /* Model */ = {
			isa = PBXGroup;
			children = (
				0036B86B2CBB1A90009AA591 /* TestDigioModel.swift */,
			);
			path = Model;
			sourceTree = "<group>";
		};
		0036B86A2CBB1A2A009AA591 /* Home */ = {
			isa = PBXGroup;
			children = (
				0036B8692CBB1A10009AA591 /* Model */,
				00D388542CBACA690002390A /* View */,
				00D388562CBACAAE0002390A /* ViewModel */,
				00FCF1892CBB674B00AF2F9B /* TestDigioService.swift */,
			);
			path = Home;
			sourceTree = "<group>";
		};
		003BE36F2CBAA79200473934 /* TestDigio */ = {
			isa = PBXGroup;
			children = (
				003BE3682CBAA79200473934 /* Info.plist */,
				00D388552CBACA910002390A /* Configs */,
				003BE3672CBAA79200473934 /* Assets.xcassets */,
				0036B86A2CBB1A2A009AA591 /* Home */,
			);
			path = TestDigio;
			sourceTree = "<group>";
		};
		00D388542CBACA690002390A /* View */ = {
			isa = PBXGroup;
			children = (
				003BE36C2CBAA79200473934 /* Main.storyboard */,
				003BE36A2CBAA79200473934 /* LaunchScreen.storyboard */,
				003BE36E2CBAA79200473934 /* HomeViewController.swift */,
				00D388592CBACEBF0002390A /* UINavigationController+TestDigio.swift */,
				00D3885B2CBAD1EB0002390A /* SpotLightCollectionDelegate.swift */,
				00D3885D2CBB08E60002390A /* ProductsCollectionDelegate.swift */,
				0036B86F2CBB3F0E009AA591 /* DigioCollectionViewCell.swift */,
				0036B8702CBB3F0E009AA591 /* DigioCollectionViewCell.xib */,
			);
			path = View;
			sourceTree = "<group>";
		};
		00D388552CBACA910002390A /* Configs */ = {
			isa = PBXGroup;
			children = (
				003BE3662CBAA79200473934 /* AppDelegate.swift */,
				003BE36D2CBAA79200473934 /* SceneDelegate.swift */,
			);
			path = Configs;
			sourceTree = "<group>";
		};
		00D388562CBACAAE0002390A /* ViewModel */ = {
			isa = PBXGroup;
			children = (
				00D388572CBACAD70002390A /* HomeViewModel.swift */,
				0036B86D2CBB1B02009AA591 /* TestDigioCoordinator.swift */,
			);
			path = ViewModel;
			sourceTree = "<group>";
		};
		00E439122CB9C3C400670FC5 = {
			isa = PBXGroup;
			children = (
				003BE36F2CBAA79200473934 /* TestDigio */,
				00E4391C2CB9C3C500670FC5 /* Products */,
				2FD9CE02D579C563B55BFAB7 /* Pods */,
				4A8EEC4954BE58EE5C68EA15 /* Frameworks */,
			);
			sourceTree = "<group>";
		};
		00E4391C2CB9C3C500670FC5 /* Products */ = {
			isa = PBXGroup;
			children = (
				00E4391B2CB9C3C500670FC5 /* TestDigio.app */,
				00E439312CB9C3C700670FC5 /* TestDigioTests.xctest */,
				00E4393B2CB9C3C700670FC5 /* TestDigioUITests.xctest */,
			);
			name = Products;
			sourceTree = "<group>";
		};
		2FD9CE02D579C563B55BFAB7 /* Pods */ = {
			isa = PBXGroup;
			children = (
				5B81980623C1978E3C09E7DA /* Pods-TestDigio.debug.xcconfig */,
				0606503E896C0A839581DC1D /* Pods-TestDigio.release.xcconfig */,
			);
			path = Pods;
			sourceTree = "<group>";
		};
		4A8EEC4954BE58EE5C68EA15 /* Frameworks */ = {
			isa = PBXGroup;
			children = (
				D0424D0089E6E7334DD2195F /* Pods_TestDigio.framework */,
			);
			name = Frameworks;
			sourceTree = "<group>";
		};
/* End PBXGroup section */

/* Begin PBXNativeTarget section */
		00E4391A2CB9C3C400670FC5 /* TestDigio */ = {
			isa = PBXNativeTarget;
			buildConfigurationList = 00E439442CB9C3C700670FC5 /* Build configuration list for PBXNativeTarget "TestDigio" */;
			buildPhases = (
				F2C08C554D15FF0249821AC6 /* [CP] Check Pods Manifest.lock */,
				00E439172CB9C3C400670FC5 /* Sources */,
				00E439182CB9C3C400670FC5 /* Frameworks */,
				00E439192CB9C3C400670FC5 /* Resources */,
				005616402CB9CE3B00DF8144 /* ShellScript */,
				2EB727574BE13D5DB8E8C251 /* [CP] Embed Pods Frameworks */,
			);
			buildRules = (
			);
			dependencies = (
			);
			name = TestDigio;
			productName = TestDigio;
			productReference = 00E4391B2CB9C3C500670FC5 /* TestDigio.app */;
			productType = "com.apple.product-type.application";
		};
		00E439302CB9C3C700670FC5 /* TestDigioTests */ = {
			isa = PBXNativeTarget;
			buildConfigurationList = 00E439492CB9C3C700670FC5 /* Build configuration list for PBXNativeTarget "TestDigioTests" */;
			buildPhases = (
				00E4392D2CB9C3C700670FC5 /* Sources */,
				00E4392E2CB9C3C700670FC5 /* Frameworks */,
				00E4392F2CB9C3C700670FC5 /* Resources */,
			);
			buildRules = (
			);
			dependencies = (
				00E439332CB9C3C700670FC5 /* PBXTargetDependency */,
			);
			name = TestDigioTests;
			productName = TestDigioTests;
			productReference = 00E439312CB9C3C700670FC5 /* TestDigioTests.xctest */;
			productType = "com.apple.product-type.bundle.unit-test";
		};
		00E4393A2CB9C3C700670FC5 /* TestDigioUITests */ = {
			isa = PBXNativeTarget;
			buildConfigurationList = 00E4394C2CB9C3C700670FC5 /* Build configuration list for PBXNativeTarget "TestDigioUITests" */;
			buildPhases = (
				00E439372CB9C3C700670FC5 /* Sources */,
				00E439382CB9C3C700670FC5 /* Frameworks */,
				00E439392CB9C3C700670FC5 /* Resources */,
			);
			buildRules = (
			);
			dependencies = (
				00E4393D2CB9C3C700670FC5 /* PBXTargetDependency */,
			);
			name = TestDigioUITests;
			productName = TestDigioUITests;
			productReference = 00E4393B2CB9C3C700670FC5 /* TestDigioUITests.xctest */;
			productType = "com.apple.product-type.bundle.ui-testing";
		};
/* End PBXNativeTarget section */

/* Begin PBXProject section */
		00E439132CB9C3C400670FC5 /* Project object */ = {
			isa = PBXProject;
			attributes = {
				BuildIndependentTargetsInParallel = 1;
				LastSwiftUpdateCheck = 1600;
				LastUpgradeCheck = 1600;
				TargetAttributes = {
					00E4391A2CB9C3C400670FC5 = {
						CreatedOnToolsVersion = 16.0;
					};
					00E439302CB9C3C700670FC5 = {
						CreatedOnToolsVersion = 16.0;
						TestTargetID = 00E4391A2CB9C3C400670FC5;
					};
					00E4393A2CB9C3C700670FC5 = {
						CreatedOnToolsVersion = 16.0;
						TestTargetID = 00E4391A2CB9C3C400670FC5;
					};
				};
			};
			buildConfigurationList = 00E439162CB9C3C400670FC5 /* Build configuration list for PBXProject "TestDigio" */;
			compatibilityVersion = "Xcode 14.0";
			developmentRegion = en;
			hasScannedForEncodings = 0;
			knownRegions = (
				en,
				Base,
			);
			mainGroup = 00E439122CB9C3C400670FC5;
			productRefGroup = 00E4391C2CB9C3C500670FC5 /* Products */;
			projectDirPath = "";
			projectRoot = "";
			targets = (
				00E4391A2CB9C3C400670FC5 /* TestDigio */,
				00E439302CB9C3C700670FC5 /* TestDigioTests */,
				00E4393A2CB9C3C700670FC5 /* TestDigioUITests */,
			);
		};
/* End PBXProject section */

/* Begin PBXResourcesBuildPhase section */
		00E439192CB9C3C400670FC5 /* Resources */ = {
			isa = PBXResourcesBuildPhase;
			buildActionMask = 2147483647;
			files = (
				003BE3702CBAA79200473934 /* Assets.xcassets in Resources */,
				003BE3722CBAA79200473934 /* LaunchScreen.storyboard in Resources */,
				003BE3732CBAA79200473934 /* Main.storyboard in Resources */,
				0036B8722CBB3F0E009AA591 /* DigioCollectionViewCell.xib in Resources */,
			);
			runOnlyForDeploymentPostprocessing = 0;
		};
		00E4392F2CB9C3C700670FC5 /* Resources */ = {
			isa = PBXResourcesBuildPhase;
			buildActionMask = 2147483647;
			files = (
			);
			runOnlyForDeploymentPostprocessing = 0;
		};
		00E439392CB9C3C700670FC5 /* Resources */ = {
			isa = PBXResourcesBuildPhase;
			buildActionMask = 2147483647;
			files = (
			);
			runOnlyForDeploymentPostprocessing = 0;
		};
/* End PBXResourcesBuildPhase section */

/* Begin PBXShellScriptBuildPhase section */
		005616402CB9CE3B00DF8144 /* ShellScript */ = {
			isa = PBXShellScriptBuildPhase;
			alwaysOutOfDate = 1;
			buildActionMask = 2147483647;
			files = (
			);
			inputFileListPaths = (
			);
			inputPaths = (
			);
			outputFileListPaths = (
			);
			outputPaths = (
			);
			runOnlyForDeploymentPostprocessing = 0;
			shellPath = /bin/sh;
			shellScript = "if which swiftlint > /dev/null; then\n  echo \"there is a lint\"\n  swiftlint\nelse\n  echo \"warning: SwiftLint not installed, download from https://github.com/realm/SwiftLint\"\nfi\n";
			showEnvVarsInLog = 0;
		};
		2EB727574BE13D5DB8E8C251 /* [CP] Embed Pods Frameworks */ = {
			isa = PBXShellScriptBuildPhase;
			buildActionMask = 2147483647;
			files = (
			);
			inputFileListPaths = (
				"${PODS_ROOT}/Target Support Files/Pods-TestDigio/Pods-TestDigio-frameworks-${CONFIGURATION}-input-files.xcfilelist",
			);
			name = "[CP] Embed Pods Frameworks";
			outputFileListPaths = (
				"${PODS_ROOT}/Target Support Files/Pods-TestDigio/Pods-TestDigio-frameworks-${CONFIGURATION}-output-files.xcfilelist",
			);
			runOnlyForDeploymentPostprocessing = 0;
			shellPath = /bin/sh;
			shellScript = "\"${PODS_ROOT}/Target Support Files/Pods-TestDigio/Pods-TestDigio-frameworks.sh\"\n";
			showEnvVarsInLog = 0;
		};
		F2C08C554D15FF0249821AC6 /* [CP] Check Pods Manifest.lock */ = {
			isa = PBXShellScriptBuildPhase;
			buildActionMask = 2147483647;
			files = (
			);
			inputFileListPaths = (
			);
			inputPaths = (
				"${PODS_PODFILE_DIR_PATH}/Podfile.lock",
				"${PODS_ROOT}/Manifest.lock",
			);
			name = "[CP] Check Pods Manifest.lock";
			outputFileListPaths = (
			);
			outputPaths = (
				"$(DERIVED_FILE_DIR)/Pods-TestDigio-checkManifestLockResult.txt",
			);
			runOnlyForDeploymentPostprocessing = 0;
			shellPath = /bin/sh;
			shellScript = "diff \"${PODS_PODFILE_DIR_PATH}/Podfile.lock\" \"${PODS_ROOT}/Manifest.lock\" > /dev/null\nif [ $? != 0 ] ; then\n    # print error to STDERR\n    echo \"error: The sandbox is not in sync with the Podfile.lock. Run 'pod install' or update your CocoaPods installation.\" >&2\n    exit 1\nfi\n# This output is used by Xcode 'outputs' to avoid re-running this script phase.\necho \"SUCCESS\" > \"${SCRIPT_OUTPUT_FILE_0}\"\n";
			showEnvVarsInLog = 0;
		};
/* End PBXShellScriptBuildPhase section */

/* Begin PBXSourcesBuildPhase section */
		00E439172CB9C3C400670FC5 /* Sources */ = {
			isa = PBXSourcesBuildPhase;
			buildActionMask = 2147483647;
			files = (
				00D3885A2CBACEBF0002390A /* UINavigationController+TestDigio.swift in Sources */,
				003BE3742CBAA79200473934 /* AppDelegate.swift in Sources */,
				0036B86C2CBB1A90009AA591 /* TestDigioModel.swift in Sources */,
				0036B8712CBB3F0E009AA591 /* DigioCollectionViewCell.swift in Sources */,
				00D3885E2CBB08E60002390A /* ProductsCollectionDelegate.swift in Sources */,
				0036B86E2CBB1B02009AA591 /* TestDigioCoordinator.swift in Sources */,
				003BE3752CBAA79200473934 /* SceneDelegate.swift in Sources */,
				003BE3762CBAA79200473934 /* HomeViewController.swift in Sources */,
				00D388582CBACAD70002390A /* HomeViewModel.swift in Sources */,
				00D3885C2CBAD1EB0002390A /* SpotLightCollectionDelegate.swift in Sources */,
				00FCF18A2CBB674B00AF2F9B /* TestDigioService.swift in Sources */,
			);
			runOnlyForDeploymentPostprocessing = 0;
		};
		00E4392D2CB9C3C700670FC5 /* Sources */ = {
			isa = PBXSourcesBuildPhase;
			buildActionMask = 2147483647;
			files = (
			);
			runOnlyForDeploymentPostprocessing = 0;
		};
		00E439372CB9C3C700670FC5 /* Sources */ = {
			isa = PBXSourcesBuildPhase;
			buildActionMask = 2147483647;
			files = (
			);
			runOnlyForDeploymentPostprocessing = 0;
		};
/* End PBXSourcesBuildPhase section */

/* Begin PBXTargetDependency section */
		00E439332CB9C3C700670FC5 /* PBXTargetDependency */ = {
			isa = PBXTargetDependency;
			target = 00E4391A2CB9C3C400670FC5 /* TestDigio */;
			targetProxy = 00E439322CB9C3C700670FC5 /* PBXContainerItemProxy */;
		};
		00E4393D2CB9C3C700670FC5 /* PBXTargetDependency */ = {
			isa = PBXTargetDependency;
			target = 00E4391A2CB9C3C400670FC5 /* TestDigio */;
			targetProxy = 00E4393C2CB9C3C700670FC5 /* PBXContainerItemProxy */;
		};
/* End PBXTargetDependency section */

/* Begin PBXVariantGroup section */
		003BE36A2CBAA79200473934 /* LaunchScreen.storyboard */ = {
			isa = PBXVariantGroup;
			children = (
				003BE3692CBAA79200473934 /* Base */,
			);
			name = LaunchScreen.storyboard;
			sourceTree = "<group>";
		};
		003BE36C2CBAA79200473934 /* Main.storyboard */ = {
			isa = PBXVariantGroup;
			children = (
				003BE36B2CBAA79200473934 /* Base */,
			);
			name = Main.storyboard;
			sourceTree = "<group>";
		};
/* End PBXVariantGroup section */

/* Begin XCBuildConfiguration section */
		00E439452CB9C3C700670FC5 /* Debug */ = {
			isa = XCBuildConfiguration;
			baseConfigurationReference = 5B81980623C1978E3C09E7DA /* Pods-TestDigio.debug.xcconfig */;
			buildSettings = {
				ASSETCATALOG_COMPILER_APPICON_NAME = AppIcon;
				ASSETCATALOG_COMPILER_GLOBAL_ACCENT_COLOR_NAME = AccentColor;
				CODE_SIGN_STYLE = Automatic;
				CURRENT_PROJECT_VERSION = 1;
				GENERATE_INFOPLIST_FILE = YES;
				INFOPLIST_FILE = TestDigio/Info.plist;
				INFOPLIST_KEY_UIApplicationSupportsIndirectInputEvents = YES;
				INFOPLIST_KEY_UILaunchStoryboardName = LaunchScreen;
				INFOPLIST_KEY_UIMainStoryboardFile = Main;
				INFOPLIST_KEY_UISupportedInterfaceOrientations_iPad = "UIInterfaceOrientationPortrait UIInterfaceOrientationPortraitUpsideDown UIInterfaceOrientationLandscapeLeft UIInterfaceOrientationLandscapeRight";
				INFOPLIST_KEY_UISupportedInterfaceOrientations_iPhone = "UIInterfaceOrientationPortrait UIInterfaceOrientationLandscapeLeft UIInterfaceOrientationLandscapeRight";
				LD_RUNPATH_SEARCH_PATHS = (
					"$(inherited)",
					"@executable_path/Frameworks",
				);
				MARKETING_VERSION = 1.0;
				PRODUCT_BUNDLE_IDENTIFIER = com.github.pcrbrandao.TestDigio;
				PRODUCT_NAME = "$(TARGET_NAME)";
				SWIFT_EMIT_LOC_STRINGS = YES;
				SWIFT_VERSION = 5.0;
				TARGETED_DEVICE_FAMILY = "1,2";
			};
			name = Debug;
		};
		00E439462CB9C3C700670FC5 /* Release */ = {
			isa = XCBuildConfiguration;
			baseConfigurationReference = 0606503E896C0A839581DC1D /* Pods-TestDigio.release.xcconfig */;
			buildSettings = {
				ASSETCATALOG_COMPILER_APPICON_NAME = AppIcon;
				ASSETCATALOG_COMPILER_GLOBAL_ACCENT_COLOR_NAME = AccentColor;
				CODE_SIGN_STYLE = Automatic;
				CURRENT_PROJECT_VERSION = 1;
				GENERATE_INFOPLIST_FILE = YES;
				INFOPLIST_FILE = TestDigio/Info.plist;
				INFOPLIST_KEY_UIApplicationSupportsIndirectInputEvents = YES;
				INFOPLIST_KEY_UILaunchStoryboardName = LaunchScreen;
				INFOPLIST_KEY_UIMainStoryboardFile = Main;
				INFOPLIST_KEY_UISupportedInterfaceOrientations_iPad = "UIInterfaceOrientationPortrait UIInterfaceOrientationPortraitUpsideDown UIInterfaceOrientationLandscapeLeft UIInterfaceOrientationLandscapeRight";
				INFOPLIST_KEY_UISupportedInterfaceOrientations_iPhone = "UIInterfaceOrientationPortrait UIInterfaceOrientationLandscapeLeft UIInterfaceOrientationLandscapeRight";
				LD_RUNPATH_SEARCH_PATHS = (
					"$(inherited)",
					"@executable_path/Frameworks",
				);
				MARKETING_VERSION = 1.0;
				PRODUCT_BUNDLE_IDENTIFIER = com.github.pcrbrandao.TestDigio;
				PRODUCT_NAME = "$(TARGET_NAME)";
				SWIFT_EMIT_LOC_STRINGS = YES;
				SWIFT_VERSION = 5.0;
				TARGETED_DEVICE_FAMILY = "1,2";
			};
			name = Release;
		};
		00E439472CB9C3C700670FC5 /* Debug */ = {
			isa = XCBuildConfiguration;
			buildSettings = {
				ALWAYS_SEARCH_USER_PATHS = NO;
				ASSETCATALOG_COMPILER_GENERATE_SWIFT_ASSET_SYMBOL_EXTENSIONS = YES;
				CLANG_ANALYZER_NONNULL = YES;
				CLANG_ANALYZER_NUMBER_OBJECT_CONVERSION = YES_AGGRESSIVE;
				CLANG_CXX_LANGUAGE_STANDARD = "gnu++20";
				CLANG_ENABLE_MODULES = YES;
				CLANG_ENABLE_OBJC_ARC = YES;
				CLANG_ENABLE_OBJC_WEAK = YES;
				CLANG_WARN_BLOCK_CAPTURE_AUTORELEASING = YES;
				CLANG_WARN_BOOL_CONVERSION = YES;
				CLANG_WARN_COMMA = YES;
				CLANG_WARN_CONSTANT_CONVERSION = YES;
				CLANG_WARN_DEPRECATED_OBJC_IMPLEMENTATIONS = YES;
				CLANG_WARN_DIRECT_OBJC_ISA_USAGE = YES_ERROR;
				CLANG_WARN_DOCUMENTATION_COMMENTS = YES;
				CLANG_WARN_EMPTY_BODY = YES;
				CLANG_WARN_ENUM_CONVERSION = YES;
				CLANG_WARN_INFINITE_RECURSION = YES;
				CLANG_WARN_INT_CONVERSION = YES;
				CLANG_WARN_NON_LITERAL_NULL_CONVERSION = YES;
				CLANG_WARN_OBJC_IMPLICIT_RETAIN_SELF = YES;
				CLANG_WARN_OBJC_LITERAL_CONVERSION = YES;
				CLANG_WARN_OBJC_ROOT_CLASS = YES_ERROR;
				CLANG_WARN_QUOTED_INCLUDE_IN_FRAMEWORK_HEADER = YES;
				CLANG_WARN_RANGE_LOOP_ANALYSIS = YES;
				CLANG_WARN_STRICT_PROTOTYPES = YES;
				CLANG_WARN_SUSPICIOUS_MOVE = YES;
				CLANG_WARN_UNGUARDED_AVAILABILITY = YES_AGGRESSIVE;
				CLANG_WARN_UNREACHABLE_CODE = YES;
				CLANG_WARN__DUPLICATE_METHOD_MATCH = YES;
				COPY_PHASE_STRIP = NO;
				DEBUG_INFORMATION_FORMAT = dwarf;
				ENABLE_STRICT_OBJC_MSGSEND = YES;
				ENABLE_TESTABILITY = YES;
				ENABLE_USER_SCRIPT_SANDBOXING = NO;
				GCC_C_LANGUAGE_STANDARD = gnu17;
				GCC_DYNAMIC_NO_PIC = NO;
				GCC_NO_COMMON_BLOCKS = YES;
				GCC_OPTIMIZATION_LEVEL = 0;
				GCC_PREPROCESSOR_DEFINITIONS = (
					"DEBUG=1",
					"$(inherited)",
				);
				GCC_WARN_64_TO_32_BIT_CONVERSION = YES;
				GCC_WARN_ABOUT_RETURN_TYPE = YES_ERROR;
				GCC_WARN_UNDECLARED_SELECTOR = YES;
				GCC_WARN_UNINITIALIZED_AUTOS = YES_AGGRESSIVE;
				GCC_WARN_UNUSED_FUNCTION = YES;
				GCC_WARN_UNUSED_VARIABLE = YES;
				IPHONEOS_DEPLOYMENT_TARGET = 18.0;
				LOCALIZATION_PREFERS_STRING_CATALOGS = YES;
				MTL_ENABLE_DEBUG_INFO = INCLUDE_SOURCE;
				MTL_FAST_MATH = YES;
				ONLY_ACTIVE_ARCH = YES;
				SDKROOT = iphoneos;
				SWIFT_ACTIVE_COMPILATION_CONDITIONS = "DEBUG $(inherited)";
				SWIFT_OPTIMIZATION_LEVEL = "-Onone";
			};
			name = Debug;
		};
		00E439482CB9C3C700670FC5 /* Release */ = {
			isa = XCBuildConfiguration;
			buildSettings = {
				ALWAYS_SEARCH_USER_PATHS = NO;
				ASSETCATALOG_COMPILER_GENERATE_SWIFT_ASSET_SYMBOL_EXTENSIONS = YES;
				CLANG_ANALYZER_NONNULL = YES;
				CLANG_ANALYZER_NUMBER_OBJECT_CONVERSION = YES_AGGRESSIVE;
				CLANG_CXX_LANGUAGE_STANDARD = "gnu++20";
				CLANG_ENABLE_MODULES = YES;
				CLANG_ENABLE_OBJC_ARC = YES;
				CLANG_ENABLE_OBJC_WEAK = YES;
				CLANG_WARN_BLOCK_CAPTURE_AUTORELEASING = YES;
				CLANG_WARN_BOOL_CONVERSION = YES;
				CLANG_WARN_COMMA = YES;
				CLANG_WARN_CONSTANT_CONVERSION = YES;
				CLANG_WARN_DEPRECATED_OBJC_IMPLEMENTATIONS = YES;
				CLANG_WARN_DIRECT_OBJC_ISA_USAGE = YES_ERROR;
				CLANG_WARN_DOCUMENTATION_COMMENTS = YES;
				CLANG_WARN_EMPTY_BODY = YES;
				CLANG_WARN_ENUM_CONVERSION = YES;
				CLANG_WARN_INFINITE_RECURSION = YES;
				CLANG_WARN_INT_CONVERSION = YES;
				CLANG_WARN_NON_LITERAL_NULL_CONVERSION = YES;
				CLANG_WARN_OBJC_IMPLICIT_RETAIN_SELF = YES;
				CLANG_WARN_OBJC_LITERAL_CONVERSION = YES;
				CLANG_WARN_OBJC_ROOT_CLASS = YES_ERROR;
				CLANG_WARN_QUOTED_INCLUDE_IN_FRAMEWORK_HEADER = YES;
				CLANG_WARN_RANGE_LOOP_ANALYSIS = YES;
				CLANG_WARN_STRICT_PROTOTYPES = YES;
				CLANG_WARN_SUSPICIOUS_MOVE = YES;
				CLANG_WARN_UNGUARDED_AVAILABILITY = YES_AGGRESSIVE;
				CLANG_WARN_UNREACHABLE_CODE = YES;
				CLANG_WARN__DUPLICATE_METHOD_MATCH = YES;
				COPY_PHASE_STRIP = NO;
				DEBUG_INFORMATION_FORMAT = "dwarf-with-dsym";
				ENABLE_NS_ASSERTIONS = NO;
				ENABLE_STRICT_OBJC_MSGSEND = YES;
				ENABLE_USER_SCRIPT_SANDBOXING = YES;
				GCC_C_LANGUAGE_STANDARD = gnu17;
				GCC_NO_COMMON_BLOCKS = YES;
				GCC_WARN_64_TO_32_BIT_CONVERSION = YES;
				GCC_WARN_ABOUT_RETURN_TYPE = YES_ERROR;
				GCC_WARN_UNDECLARED_SELECTOR = YES;
				GCC_WARN_UNINITIALIZED_AUTOS = YES_AGGRESSIVE;
				GCC_WARN_UNUSED_FUNCTION = YES;
				GCC_WARN_UNUSED_VARIABLE = YES;
				IPHONEOS_DEPLOYMENT_TARGET = 18.0;
				LOCALIZATION_PREFERS_STRING_CATALOGS = YES;
				MTL_ENABLE_DEBUG_INFO = NO;
				MTL_FAST_MATH = YES;
				SDKROOT = iphoneos;
				SWIFT_COMPILATION_MODE = wholemodule;
				VALIDATE_PRODUCT = YES;
			};
			name = Release;
		};
		00E4394A2CB9C3C700670FC5 /* Debug */ = {
			isa = XCBuildConfiguration;
			buildSettings = {
				BUNDLE_LOADER = "$(TEST_HOST)";
				CODE_SIGN_STYLE = Automatic;
				CURRENT_PROJECT_VERSION = 1;
				GENERATE_INFOPLIST_FILE = YES;
				IPHONEOS_DEPLOYMENT_TARGET = 18.0;
				MARKETING_VERSION = 1.0;
				PRODUCT_BUNDLE_IDENTIFIER = com.github.pcrbrandao.TestDigioTests;
				PRODUCT_NAME = "$(TARGET_NAME)";
				SWIFT_EMIT_LOC_STRINGS = NO;
				SWIFT_VERSION = 5.0;
				TARGETED_DEVICE_FAMILY = "1,2";
				TEST_HOST = "$(BUILT_PRODUCTS_DIR)/TestDigio.app/$(BUNDLE_EXECUTABLE_FOLDER_PATH)/TestDigio";
			};
			name = Debug;
		};
		00E4394B2CB9C3C700670FC5 /* Release */ = {
			isa = XCBuildConfiguration;
			buildSettings = {
				BUNDLE_LOADER = "$(TEST_HOST)";
				CODE_SIGN_STYLE = Automatic;
				CURRENT_PROJECT_VERSION = 1;
				GENERATE_INFOPLIST_FILE = YES;
				IPHONEOS_DEPLOYMENT_TARGET = 18.0;
				MARKETING_VERSION = 1.0;
				PRODUCT_BUNDLE_IDENTIFIER = com.github.pcrbrandao.TestDigioTests;
				PRODUCT_NAME = "$(TARGET_NAME)";
				SWIFT_EMIT_LOC_STRINGS = NO;
				SWIFT_VERSION = 5.0;
				TARGETED_DEVICE_FAMILY = "1,2";
				TEST_HOST = "$(BUILT_PRODUCTS_DIR)/TestDigio.app/$(BUNDLE_EXECUTABLE_FOLDER_PATH)/TestDigio";
			};
			name = Release;
		};
		00E4394D2CB9C3C700670FC5 /* Debug */ = {
			isa = XCBuildConfiguration;
			buildSettings = {
				CODE_SIGN_STYLE = Automatic;
				CURRENT_PROJECT_VERSION = 1;
				GENERATE_INFOPLIST_FILE = YES;
				MARKETING_VERSION = 1.0;
				PRODUCT_BUNDLE_IDENTIFIER = com.github.pcrbrandao.TestDigioUITests;
				PRODUCT_NAME = "$(TARGET_NAME)";
				SWIFT_EMIT_LOC_STRINGS = NO;
				SWIFT_VERSION = 5.0;
				TARGETED_DEVICE_FAMILY = "1,2";
				TEST_TARGET_NAME = TestDigio;
			};
			name = Debug;
		};
		00E4394E2CB9C3C700670FC5 /* Release */ = {
			isa = XCBuildConfiguration;
			buildSettings = {
				CODE_SIGN_STYLE = Automatic;
				CURRENT_PROJECT_VERSION = 1;
				GENERATE_INFOPLIST_FILE = YES;
				MARKETING_VERSION = 1.0;
				PRODUCT_BUNDLE_IDENTIFIER = com.github.pcrbrandao.TestDigioUITests;
				PRODUCT_NAME = "$(TARGET_NAME)";
				SWIFT_EMIT_LOC_STRINGS = NO;
				SWIFT_VERSION = 5.0;
				TARGETED_DEVICE_FAMILY = "1,2";
				TEST_TARGET_NAME = TestDigio;
			};
			name = Release;
		};
/* End XCBuildConfiguration section */

/* Begin XCConfigurationList section */
		00E439162CB9C3C400670FC5 /* Build configuration list for PBXProject "TestDigio" */ = {
			isa = XCConfigurationList;
			buildConfigurations = (
				00E439472CB9C3C700670FC5 /* Debug */,
				00E439482CB9C3C700670FC5 /* Release */,
			);
			defaultConfigurationIsVisible = 0;
			defaultConfigurationName = Release;
		};
		00E439442CB9C3C700670FC5 /* Build configuration list for PBXNativeTarget "TestDigio" */ = {
			isa = XCConfigurationList;
			buildConfigurations = (
				00E439452CB9C3C700670FC5 /* Debug */,
				00E439462CB9C3C700670FC5 /* Release */,
			);
			defaultConfigurationIsVisible = 0;
			defaultConfigurationName = Release;
		};
		00E439492CB9C3C700670FC5 /* Build configuration list for PBXNativeTarget "TestDigioTests" */ = {
			isa = XCConfigurationList;
			buildConfigurations = (
				00E4394A2CB9C3C700670FC5 /* Debug */,
				00E4394B2CB9C3C700670FC5 /* Release */,
			);
			defaultConfigurationIsVisible = 0;
			defaultConfigurationName = Release;
		};
		00E4394C2CB9C3C700670FC5 /* Build configuration list for PBXNativeTarget "TestDigioUITests" */ = {
			isa = XCConfigurationList;
			buildConfigurations = (
				00E4394D2CB9C3C700670FC5 /* Debug */,
				00E4394E2CB9C3C700670FC5 /* Release */,
			);
			defaultConfigurationIsVisible = 0;
			defaultConfigurationName = Release;
		};
/* End XCConfigurationList section */
	};
	rootObject = 00E439132CB9C3C400670FC5 /* Project object */;
}
